
Microsoft Visual Studio Solution File, Format Version 12.00
# Visual Studio Version 17
VisualStudioVersion = 17.8.34408.163
MinimumVisualStudioVersion = 10.0.40219.1
Project("{FAE04EC0-301F-11D3-BF4B-00C04F79EFBC}") = "controleConta", "controleConta\controleConta.csproj", "{AEC528AD-BCC3-494B-B8B2-CC8C4B3E8498}"
EndProject
Project("{FAE04EC0-301F-11D3-BF4B-00C04F79EFBC}") = "controleContaTests", "controleContaTests\controleContaTests.csproj", "{62E10D04-986F-4E7F-8EC3-F215C366F39A}"
EndProject
Global
	GlobalSection(SolutionConfigurationPlatforms) = preSolution
		Debug|Any CPU = Debug|Any CPU
		Release|Any CPU = Release|Any CPU
	EndGlobalSection
	GlobalSection(ProjectConfigurationPlatforms) = postSolution
		{AEC528AD-BCC3-494B-B8B2-CC8C4B3E8498}.Debug|Any CPU.ActiveCfg = Debug|Any CPU
		{AEC528AD-BCC3-494B-B8B2-CC8C4B3E8498}.Debug|Any CPU.Build.0 = Debug|Any CPU
		{AEC528AD-BCC3-494B-B8B2-CC8C4B3E8498}.Release|Any CPU.ActiveCfg = Release|Any CPU
		{AEC528AD-BCC3-494B-B8B2-CC8C4B3E8498}.Release|Any CPU.Build.0 = Release|Any CPU
		{62E10D04-986F-4E7F-8EC3-F215C366F39A}.Debug|Any CPU.ActiveCfg = Debug|Any CPU
		{62E10D04-986F-4E7F-8EC3-F215C366F39A}.Debug|Any CPU.Build.0 = Debug|Any CPU
		{62E10D04-986F-4E7F-8EC3-F215C366F39A}.Release|Any CPU.ActiveCfg = Release|Any CPU
		{62E10D04-986F-4E7F-8EC3-F215C366F39A}.Release|Any CPU.Build.0 = Release|Any CPU
	EndGlobalSection
	GlobalSection(SolutionProperties) = preSolution
		HideSolutionNode = FALSE
	EndGlobalSection
	GlobalSection(ExtensibilityGlobals) = postSolution
		SolutionGuid = {8A6DD124-82C2-488B-A7BE-95C49D2B7824}
	EndGlobalSection
EndGlobal
